<Solution>
  <Folder Name="/ReadMe/">
    <File Path="Version-Info.txt" />
  </Folder>
  <Project Path="IV.ApiServices/IV.ApiServices.csproj" />
  <Project Path="IV.DataCenter/IV.DataCenter.csproj" />
  <Project Path="IV.Services/IV.Services.csproj" Id="39d5f0f0-40ff-401a-93ca-a547815463c7" />
</Solution>
